// !$*UTF8*$!
{
	archiveVersion = 1;
	classes = {
	};
	objectVersion = 46;
	objects = {

/* Begin PBXBuildFile section */
		310E9E2D1E621FDD009F7BFC /* Assets.xcassets in Resources */ = {isa = PBXBuildFile; fileRef = 310E9E2C1E621FDD009F7BFC /* Assets.xcassets */; };
		3158D62F1E5B3DF500A14D41 /* AppDelegate.swift in Sources */ = {isa = PBXBuildFile; fileRef = 3158D62E1E5B3DF500A14D41 /* AppDelegate.swift */; };
		3158D6311E5B3DF500A14D41 /* ViewController.swift in Sources */ = {isa = PBXBuildFile; fileRef = 3158D6301E5B3DF500A14D41 /* ViewController.swift */; };
		3158D6341E5B3DF500A14D41 /* Main.storyboard in Resources */ = {isa = PBXBuildFile; fileRef = 3158D6321E5B3DF500A14D41 /* Main.storyboard */; };
		3158D6391E5B3DF500A14D41 /* LaunchScreen.storyboard in Resources */ = {isa = PBXBuildFile; fileRef = 3158D6371E5B3DF500A14D41 /* LaunchScreen.storyboard */; };
		3158D6411E5B7B8A00A14D41 /* EventProvider.swift in Sources */ = {isa = PBXBuildFile; fileRef = 3158D6401E5B7B8A00A14D41 /* EventProvider.swift */; };
/* End PBXBuildFile section */

/* Begin PBXFileReference section */
		310E9E2C1E621FDD009F7BFC /* Assets.xcassets */ = {isa = PBXFileReference; lastKnownFileType = folder.assetcatalog; path = Assets.xcassets; sourceTree = "<group>"; };
		3158D62B1E5B3DF500A14D41 /* BoutTime.app */ = {isa = PBXFileReference; explicitFileType = wrapper.application; includeInIndex = 0; path = BoutTime.app; sourceTree = BUILT_PRODUCTS_DIR; };
		3158D62E1E5B3DF500A14D41 /* AppDelegate.swift */ = {isa = PBXFileReference; lastKnownFileType = sourcecode.swift; path = AppDelegate.swift; sourceTree = "<group>"; };
		3158D6301E5B3DF500A14D41 /* ViewController.swift */ = {isa = PBXFileReference; lastKnownFileType = sourcecode.swift; path = ViewController.swift; sourceTree = "<group>"; };
		3158D6331E5B3DF500A14D41 /* Base */ = {isa = PBXFileReference; lastKnownFileType = file.storyboard; name = Base; path = Base.lproj/Main.storyboard; sourceTree = "<group>"; };
		3158D6381E5B3DF500A14D41 /* Base */ = {isa = PBXFileReference; lastKnownFileType = file.storyboard; name = Base; path = Base.lproj/LaunchScreen.storyboard; sourceTree = "<group>"; };
		3158D63A1E5B3DF500A14D41 /* Info.plist */ = {isa = PBXFileReference; lastKnownFileType = text.plist.xml; path = Info.plist; sourceTree = "<group>"; };
		3158D6401E5B7B8A00A14D41 /* EventProvider.swift */ = {isa = PBXFileReference; fileEncoding = 4; lastKnownFileType = sourcecode.swift; path = EventProvider.swift; sourceTree = "<group>"; };
/* End PBXFileReference section */

/* Begin PBXFrameworksBuildPhase section */
		3158D6281E5B3DF500A14D41 /* Frameworks */ = {
			isa = PBXFrameworksBuildPhase;
			buildActionMask = 2147483647;
			files = (
			);
			runOnlyForDeploymentPostprocessing = 0;
		};
/* End PBXFrameworksBuildPhase section */

/* Begin PBXGroup section */
		3158D6221E5B3DF500A14D41 = {
			isa = PBXGroup;
			children = (
				3158D62D1E5B3DF500A14D41 /* BoutTime */,
				3158D62C1E5B3DF500A14D41 /* Products */,
			);
			sourceTree = "<group>";
		};
		3158D62C1E5B3DF500A14D41 /* Products */ = {
			isa = PBXGroup;
			children = (
				3158D62B1E5B3DF500A14D41 /* BoutTime.app */,
			);
			name = Products;
			sourceTree = "<group>";
		};
		3158D62D1E5B3DF500A14D41 /* BoutTime */ = {
			isa = PBXGroup;
			children = (
				3158D62E1E5B3DF500A14D41 /* AppDelegate.swift */,
				3158D6301E5B3DF500A14D41 /* ViewController.swift */,
				3158D6321E5B3DF500A14D41 /* Main.storyboard */,
				3158D6401E5B7B8A00A14D41 /* EventProvider.swift */,
				310E9E2C1E621FDD009F7BFC /* Assets.xcassets */,
				3158D6371E5B3DF500A14D41 /* LaunchScreen.storyboard */,
				3158D63A1E5B3DF500A14D41 /* Info.plist */,
			);
			path = BoutTime;
			sourceTree = "<group>";
		};
/* End PBXGroup section */

/* Begin PBXNativeTarget section */
		3158D62A1E5B3DF500A14D41 /* BoutTime */ = {
			isa = PBXNativeTarget;
			buildConfigurationList = 3158D63D1E5B3DF500A14D41 /* Build configuration list for PBXNativeTarget "BoutTime" */;
			buildPhases = (
				3158D6271E5B3DF500A14D41 /* Sources */,
				3158D6281E5B3DF500A14D41 /* Frameworks */,
				3158D6291E5B3DF500A14D41 /* Resources */,
			);
			buildRules = (
			);
			dependencies = (
			);
			name = BoutTime;
			productName = BoutTime;
			productReference = 3158D62B1E5B3DF500A14D41 /* BoutTime.app */;
			productType = "com.apple.product-type.application";
		};
/* End PBXNativeTarget section */

/* Begin PBXProject section */
		3158D6231E5B3DF500A14D41 /* Project object */ = {
			isa = PBXProject;
			attributes = {
				LastSwiftUpdateCheck = 0800;
				LastUpgradeCheck = 0800;
				ORGANIZATIONNAME = "Annika Noren";
				TargetAttributes = {
					3158D62A1E5B3DF500A14D41 = {
						CreatedOnToolsVersion = 8.0;
						ProvisioningStyle = Automatic;
					};
				};
			};
			buildConfigurationList = 3158D6261E5B3DF500A14D41 /* Build configuration list for PBXProject "BoutTime" */;
			compatibilityVersion = "Xcode 3.2";
			developmentRegion = English;
			hasScannedForEncodings = 0;
			knownRegions = (
				en,
				Base,
			);
			mainGroup = 3158D6221E5B3DF500A14D41;
			productRefGroup = 3158D62C1E5B3DF500A14D41 /* Products */;
			projectDirPath = "";
			projectRoot = "";
			targets = (
				3158D62A1E5B3DF500A14D41 /* BoutTime */,
			);
		};
/* End PBXProject section */

/* Begin PBXResourcesBuildPhase section */
		3158D6291E5B3DF500A14D41 /* Resources */ = {
			isa = PBXResourcesBuildPhase;
			buildActionMask = 2147483647;
			files = (
				3158D6391E5B3DF500A14D41 /* LaunchScreen.storyboard in Resources */,
				310E9E2D1E621FDD009F7BFC /* Assets.xcassets in Resources */,
				3158D6341E5B3DF500A14D41 /* Main.storyboard in Resources */,
			);
			runOnlyForDeploymentPostprocessing = 0;
		};
/* End PBXResourcesBuildPhase section */

/* Begin PBXSourcesBuildPhase section */
		3158D6271E5B3DF500A14D41 /* Sources */ = {
			isa = PBXSourcesBuildPhase;
			buildActionMask = 2147483647;
			files = (
				3158D6411E5B7B8A00A14D41 /* EventProvider.swift in Sources */,
				3158D6311E5B3DF500A14D41 /* ViewController.swift in Sources */,
				3158D62F1E5B3DF500A14D41 /* AppDelegate.swift in Sources */,
			);
			runOnlyForDeploymentPostprocessing = 0;
		};
/* End PBXSourcesBuildPhase section */

/* Begin PBXVariantGroup section */
		3158D6321E5B3DF500A14D41 /* Main.storyboard */ = {
			isa = PBXVariantGroup;
			children = (
				3158D6331E5B3DF500A14D41 /* Base */,
			);
			name = Main.storyboard;
			sourceTree = "<group>";
		};
		3158D6371E5B3DF500A14D41 /* LaunchScreen.storyboard */ = {
			isa = PBXVariantGroup;
			children = (
				3158D6381E5B3DF500A14D41 /* Base */,
			);
			name = LaunchScreen.storyboard;
			sourceTree = "<group>";
		};
/* End PBXVariantGroup section */

/* Begin XCBuildConfiguration section */
		3158D63B1E5B3DF500A14D41 /* Debug */ = {
			isa = XCBuildConfiguration;
			buildSettings = {
				ALWAYS_SEARCH_USER_PATHS = NO;
				CLANG_ANALYZER_NONNULL = YES;
				CLANG_CXX_LANGUAGE_STANDARD = "gnu++0x";
				CLANG_CXX_LIBRARY = "libc++";
				CLANG_ENABLE_MODULES = YES;
				CLANG_ENABLE_OBJC_ARC = YES;
				CLANG_WARN_BOOL_CONVERSION = YES;
				CLANG_WARN_CONSTANT_CONVERSION = YES;
				CLANG_WARN_DIRECT_OBJC_ISA_USAGE = YES_ERROR;
				CLANG_WARN_DOCUMENTATION_COMMENTS = YES;
				CLANG_WARN_EMPTY_BODY = YES;
				CLANG_WARN_ENUM_CONVERSION = YES;
				CLANG_WARN_INFINITE_RECURSION = YES;
				CLANG_WARN_INT_CONVERSION = YES;
				CLANG_WARN_OBJC_ROOT_CLASS = YES_ERROR;
				CLANG_WARN_SUSPICIOUS_MOVES = YES;
				CLANG_WARN_UNREACHABLE_CODE = YES;
				CLANG_WARN__DUPLICATE_METHOD_MATCH = YES;
				"CODE_SIGN_IDENTITY[sdk=iphoneos*]" = "iPhone Developer";
				COPY_PHASE_STRIP = NO;
				DEBUG_INFORMATION_FORMAT = dwarf;
				ENABLE_STRICT_OBJC_MSGSEND = YES;
				ENABLE_TESTABILITY = YES;
				GCC_C_LANGUAGE_STANDARD = gnu99;
				GCC_DYNAMIC_NO_PIC = NO;
				GCC_NO_COMMON_BLOCKS = YES;
				GCC_OPTIMIZATION_LEVEL = 0;
				GCC_PREPROCESSOR_DEFINITIONS = (
					"DEBUG=1",
					"$(inherited)",
				);
				GCC_WARN_64_TO_32_BIT_CONVERSION = YES;
				GCC_WARN_ABOUT_RETURN_TYPE = YES_ERROR;
				GCC_WARN_UNDECLARED_SELECTOR = YES;
				GCC_WARN_UNINITIALIZED_AUTOS = YES_AGGRESSIVE;
				GCC_WARN_UNUSED_FUNCTION = YES;
				GCC_WARN_UNUSED_VARIABLE = YES;
				IPHONEOS_DEPLOYMENT_TARGET = 10.0;
				MTL_ENABLE_DEBUG_INFO = YES;
				ONLY_ACTIVE_ARCH = YES;
				SDKROOT = iphoneos;
				SWIFT_ACTIVE_COMPILATION_CONDITIONS = DEBUG;
				SWIFT_OPTIMIZATION_LEVEL = "-Onone";
				TARGETED_DEVICE_FAMILY = "1,2";
			};
			name = Debug;
		};
		3158D63C1E5B3DF500A14D41 /* Release */ = {
			isa = XCBuildConfiguration;
			buildSettings = {
				ALWAYS_SEARCH_USER_PATHS = NO;
				CLANG_ANALYZER_NONNULL = YES;
				CLANG_CXX_LANGUAGE_STANDARD = "gnu++0x";
				CLANG_CXX_LIBRARY = "libc++";
				CLANG_ENABLE_MODULES = YES;
				CLANG_ENABLE_OBJC_ARC = YES;
				CLANG_WARN_BOOL_CONVERSION = YES;
				CLANG_WARN_CONSTANT_CONVERSION = YES;
				CLANG_WARN_DIRECT_OBJC_ISA_USAGE = YES_ERROR;
				CLANG_WARN_DOCUMENTATION_COMMENTS = YES;
				CLANG_WARN_EMPTY_BODY = YES;
				CLANG_WARN_ENUM_CONVERSION = YES;
				CLANG_WARN_INFINITE_RECURSION = YES;
				CLANG_WARN_INT_CONVERSION = YES;
				CLANG_WARN_OBJC_ROOT_CLASS = YES_ERROR;
				CLANG_WARN_SUSPICIOUS_MOVES = YES;
				CLANG_WARN_UNREACHABLE_CODE = YES;
				CLANG_WARN__DUPLICATE_METHOD_MATCH = YES;
				"CODE_SIGN_IDENTITY[sdk=iphoneos*]" = "iPhone Developer";
				COPY_PHASE_STRIP = NO;
				DEBUG_INFORMATION_FORMAT = "dwarf-with-dsym";
				ENABLE_NS_ASSERTIONS = NO;
				ENABLE_STRICT_OBJC_MSGSEND = YES;
				GCC_C_LANGUAGE_STANDARD = gnu99;
				GCC_NO_COMMON_BLOCKS = YES;
				GCC_WARN_64_TO_32_BIT_CONVERSION = YES;
				GCC_WARN_ABOUT_RETURN_TYPE = YES_ERROR;
				GCC_WARN_UNDECLARED_SELECTOR = YES;
				GCC_WARN_UNINITIALIZED_AUTOS = YES_AGGRESSIVE;
				GCC_WARN_UNUSED_FUNCTION = YES;
				GCC_WARN_UNUSED_VARIABLE = YES;
				IPHONEOS_DEPLOYMENT_TARGET = 10.0;
				MTL_ENABLE_DEBUG_INFO = NO;
				SDKROOT = iphoneos;
				SWIFT_OPTIMIZATION_LEVEL = "-Owholemodule";
				TARGETED_DEVICE_FAMILY = "1,2";
				VALIDATE_PRODUCT = YES;
			};
			name = Release;
		};
		3158D63E1E5B3DF500A14D41 /* Debug */ = {
			isa = XCBuildConfiguration;
			buildSettings = {
				ASSETCATALOG_COMPILER_APPICON_NAME = AppIcon;
				INFOPLIST_FILE = BoutTime/Info.plist;
				LD_RUNPATH_SEARCH_PATHS = "$(inherited) @executable_path/Frameworks";
				PRODUCT_BUNDLE_IDENTIFIER = com.inspireDo.BoutTime;
				PRODUCT_NAME = "$(TARGET_NAME)";
				SWIFT_VERSION = 3.0;
				TARGETED_DEVICE_FAMILY = 1;
			};
			name = Debug;
		};
		3158D63F1E5B3DF500A14D41 /* Release */ = {
			isa = XCBuildConfiguration;
			buildSettings = {
				ASSETCATALOG_COMPILER_APPICON_NAME = AppIcon;
				INFOPLIST_FILE = BoutTime/Info.plist;
				LD_RUNPATH_SEARCH_PATHS = "$(inherited) @executable_path/Frameworks";
				PRODUCT_BUNDLE_IDENTIFIER = com.inspireDo.BoutTime;
				PRODUCT_NAME = "$(TARGET_NAME)";
				SWIFT_VERSION = 3.0;
				TARGETED_DEVICE_FAMILY = 1;
			};
			name = Release;
		};
/* End XCBuildConfiguration section */

/* Begin XCConfigurationList section */
		3158D6261E5B3DF500A14D41 /* Build configuration list for PBXProject "BoutTime" */ = {
			isa = XCConfigurationList;
			buildConfigurations = (
				3158D63B1E5B3DF500A14D41 /* Debug */,
				3158D63C1E5B3DF500A14D41 /* Release */,
			);
			defaultConfigurationIsVisible = 0;
			defaultConfigurationName = Release;
		};
		3158D63D1E5B3DF500A14D41 /* Build configuration list for PBXNativeTarget "BoutTime" */ = {
			isa = XCConfigurationList;
			buildConfigurations = (
				3158D63E1E5B3DF500A14D41 /* Debug */,
				3158D63F1E5B3DF500A14D41 /* Release */,
			);
			defaultConfigurationIsVisible = 0;
			defaultConfigurationName = Release;
		};
/* End XCConfigurationList section */
	};
	rootObject = 3158D6231E5B3DF500A14D41 /* Project object */;
}
